# This file was autogenerated by Stack.
# You should not edit this file by hand.
# For more information, please see the documentation at:
#   https://docs.haskellstack.org/en/stable/lock_files

packages:
- completed:
    hackage: monoidal-containers-0.6.4.0@sha256:ad2592b55c748a24ef6c51a8b064ce7dc9864ae20eff607e2e62a33a0789174c,2331
    pantry-tree:
      sha256: f989d07a9f615af2afe15bb6007b274731acdbe9cb2921800ce745728e045323
      size: 569
  original:
    hackage: monoidal-containers-0.6.4.0
snapshots:
- completed:
    sha256: 63539429076b7ebbab6daa7656cfb079393bf644971156dc349d7c0453694ac2
    size: 586296
    url: https://raw.githubusercontent.com/commercialhaskell/stackage-snapshots/master/lts/18/18.yaml
  original: lts-18.18
